// !$*UTF8*$!
{
	archiveVersion = 1;
	classes = {
	};
	objectVersion = 46;
	objects = {

/* Begin PBXBuildFile section */
		13CD291E18D2F95E00E378CE /* Foundation.framework in Frameworks */ = {isa = PBXBuildFile; fileRef = 13CD291D18D2F95E00E378CE /* Foundation.framework */; };
		13CD292018D2F95E00E378CE /* CoreGraphics.framework in Frameworks */ = {isa = PBXBuildFile; fileRef = 13CD291F18D2F95E00E378CE /* CoreGraphics.framework */; };
		13CD292218D2F95E00E378CE /* UIKit.framework in Frameworks */ = {isa = PBXBuildFile; fileRef = 13CD292118D2F95E00E378CE /* UIKit.framework */; };
		13CD292818D2F95E00E378CE /* InfoPlist.strings in Resources */ = {isa = PBXBuildFile; fileRef = 13CD292618D2F95E00E378CE /* InfoPlist.strings */; };
		13CD292A18D2F95E00E378CE /* main.m in Sources */ = {isa = PBXBuildFile; fileRef = 13CD292918D2F95E00E378CE /* main.m */; };
		13CD292E18D2F95E00E378CE /* AppDelegate.m in Sources */ = {isa = PBXBuildFile; fileRef = 13CD292D18D2F95E00E378CE /* AppDelegate.m */; };
		13CD293118D2F95E00E378CE /* Main_iPhone.storyboard in Resources */ = {isa = PBXBuildFile; fileRef = 13CD292F18D2F95E00E378CE /* Main_iPhone.storyboard */; };
		13CD293418D2F95E00E378CE /* Main_iPad.storyboard in Resources */ = {isa = PBXBuildFile; fileRef = 13CD293218D2F95E00E378CE /* Main_iPad.storyboard */; };
		13CD293718D2F95E00E378CE /* ViewController.m in Sources */ = {isa = PBXBuildFile; fileRef = 13CD293618D2F95E00E378CE /* ViewController.m */; };
		13CD293918D2F95E00E378CE /* Images.xcassets in Resources */ = {isa = PBXBuildFile; fileRef = 13CD293818D2F95E00E378CE /* Images.xcassets */; };
		13CD294018D2F95E00E378CE /* XCTest.framework in Frameworks */ = {isa = PBXBuildFile; fileRef = 13CD293F18D2F95E00E378CE /* XCTest.framework */; };
		13CD294118D2F95E00E378CE /* Foundation.framework in Frameworks */ = {isa = PBXBuildFile; fileRef = 13CD291D18D2F95E00E378CE /* Foundation.framework */; };
		13CD294218D2F95E00E378CE /* UIKit.framework in Frameworks */ = {isa = PBXBuildFile; fileRef = 13CD292118D2F95E00E378CE /* UIKit.framework */; };
		13CD294A18D2F95E00E378CE /* InfoPlist.strings in Resources */ = {isa = PBXBuildFile; fileRef = 13CD294818D2F95E00E378CE /* InfoPlist.strings */; };
		13CD294C18D2F95E00E378CE /* gitTestTests.m in Sources */ = {isa = PBXBuildFile; fileRef = 13CD294B18D2F95E00E378CE /* gitTestTests.m */; };
/* End PBXBuildFile section */

/* Begin PBXContainerItemProxy section */
		13CD294318D2F95E00E378CE /* PBXContainerItemProxy */ = {
			isa = PBXContainerItemProxy;
			containerPortal = 13CD291218D2F95E00E378CE /* Project object */;
			proxyType = 1;
			remoteGlobalIDString = 13CD291918D2F95E00E378CE;
			remoteInfo = gitTest;
		};
/* End PBXContainerItemProxy section */

/* Begin PBXFileReference section */
		13CD291A18D2F95E00E378CE /* gitTest.app */ = {isa = PBXFileReference; explicitFileType = wrapper.application; includeInIndex = 0; path = gitTest.app; sourceTree = BUILT_PRODUCTS_DIR; };
		13CD291D18D2F95E00E378CE /* Foundation.framework */ = {isa = PBXFileReference; lastKnownFileType = wrapper.framework; name = Foundation.framework; path = System/Library/Frameworks/Foundation.framework; sourceTree = SDKROOT; };
		13CD291F18D2F95E00E378CE /* CoreGraphics.framework */ = {isa = PBXFileReference; lastKnownFileType = wrapper.framework; name = CoreGraphics.framework; path = System/Library/Frameworks/CoreGraphics.framework; sourceTree = SDKROOT; };
		13CD292118D2F95E00E378CE /* UIKit.framework */ = {isa = PBXFileReference; lastKnownFileType = wrapper.framework; name = UIKit.framework; path = System/Library/Frameworks/UIKit.framework; sourceTree = SDKROOT; };
		13CD292518D2F95E00E378CE /* gitTest-Info.plist */ = {isa = PBXFileReference; lastKnownFileType = text.plist.xml; path = "gitTest-Info.plist"; sourceTree = "<group>"; };
		13CD292718D2F95E00E378CE /* en */ = {isa = PBXFileReference; lastKnownFileType = text.plist.strings; name = en; path = en.lproj/InfoPlist.strings; sourceTree = "<group>"; };
		13CD292918D2F95E00E378CE /* main.m */ = {isa = PBXFileReference; lastKnownFileType = sourcecode.c.objc; path = main.m; sourceTree = "<group>"; };
		13CD292B18D2F95E00E378CE /* gitTest-Prefix.pch */ = {isa = PBXFileReference; lastKnownFileType = sourcecode.c.h; path = "gitTest-Prefix.pch"; sourceTree = "<group>"; };
		13CD292C18D2F95E00E378CE /* AppDelegate.h */ = {isa = PBXFileReference; lastKnownFileType = sourcecode.c.h; path = AppDelegate.h; sourceTree = "<group>"; };
		13CD292D18D2F95E00E378CE /* AppDelegate.m */ = {isa = PBXFileReference; lastKnownFileType = sourcecode.c.objc; path = AppDelegate.m; sourceTree = "<group>"; };
		13CD293018D2F95E00E378CE /* Base */ = {isa = PBXFileReference; lastKnownFileType = file.storyboard; name = Base; path = Base.lproj/Main_iPhone.storyboard; sourceTree = "<group>"; };
		13CD293318D2F95E00E378CE /* Base */ = {isa = PBXFileReference; lastKnownFileType = file.storyboard; name = Base; path = Base.lproj/Main_iPad.storyboard; sourceTree = "<group>"; };
		13CD293518D2F95E00E378CE /* ViewController.h */ = {isa = PBXFileReference; lastKnownFileType = sourcecode.c.h; path = ViewController.h; sourceTree = "<group>"; };
		13CD293618D2F95E00E378CE /* ViewController.m */ = {isa = PBXFileReference; lastKnownFileType = sourcecode.c.objc; path = ViewController.m; sourceTree = "<group>"; };
		13CD293818D2F95E00E378CE /* Images.xcassets */ = {isa = PBXFileReference; lastKnownFileType = folder.assetcatalog; path = Images.xcassets; sourceTree = "<group>"; };
		13CD293E18D2F95E00E378CE /* gitTestTests.xctest */ = {isa = PBXFileReference; explicitFileType = wrapper.cfbundle; includeInIndex = 0; path = gitTestTests.xctest; sourceTree = BUILT_PRODUCTS_DIR; };
		13CD293F18D2F95E00E378CE /* XCTest.framework */ = {isa = PBXFileReference; lastKnownFileType = wrapper.framework; name = XCTest.framework; path = Library/Frameworks/XCTest.framework; sourceTree = DEVELOPER_DIR; };
		13CD294718D2F95E00E378CE /* gitTestTests-Info.plist */ = {isa = PBXFileReference; lastKnownFileType = text.plist.xml; path = "gitTestTests-Info.plist"; sourceTree = "<group>"; };
		13CD294918D2F95E00E378CE /* en */ = {isa = PBXFileReference; lastKnownFileType = text.plist.strings; name = en; path = en.lproj/InfoPlist.strings; sourceTree = "<group>"; };
		13CD294B18D2F95E00E378CE /* gitTestTests.m */ = {isa = PBXFileReference; lastKnownFileType = sourcecode.c.objc; path = gitTestTests.m; sourceTree = "<group>"; };
/* End PBXFileReference section */

/* Begin PBXFrameworksBuildPhase section */
		13CD291718D2F95E00E378CE /* Frameworks */ = {
			isa = PBXFrameworksBuildPhase;
			buildActionMask = 2147483647;
			files = (
				13CD292018D2F95E00E378CE /* CoreGraphics.framework in Frameworks */,
				13CD292218D2F95E00E378CE /* UIKit.framework in Frameworks */,
				13CD291E18D2F95E00E378CE /* Foundation.framework in Frameworks */,
			);
			runOnlyForDeploymentPostprocessing = 0;
		};
		13CD293B18D2F95E00E378CE /* Frameworks */ = {
			isa = PBXFrameworksBuildPhase;
			buildActionMask = 2147483647;
			files = (
				13CD294018D2F95E00E378CE /* XCTest.framework in Frameworks */,
				13CD294218D2F95E00E378CE /* UIKit.framework in Frameworks */,
				13CD294118D2F95E00E378CE /* Foundation.framework in Frameworks */,
			);
			runOnlyForDeploymentPostprocessing = 0;
		};
/* End PBXFrameworksBuildPhase section */

/* Begin PBXGroup section */
		13CD291118D2F95E00E378CE = {
			isa = PBXGroup;
			children = (
				13CD292318D2F95E00E378CE /* gitTest */,
				13CD294518D2F95E00E378CE /* gitTestTests */,
				13CD291C18D2F95E00E378CE /* Frameworks */,
				13CD291B18D2F95E00E378CE /* Products */,
			);
			sourceTree = "<group>";
		};
		13CD291B18D2F95E00E378CE /* Products */ = {
			isa = PBXGroup;
			children = (
				13CD291A18D2F95E00E378CE /* gitTest.app */,
				13CD293E18D2F95E00E378CE /* gitTestTests.xctest */,
			);
			name = Products;
			sourceTree = "<group>";
		};
		13CD291C18D2F95E00E378CE /* Frameworks */ = {
			isa = PBXGroup;
			children = (
				13CD291D18D2F95E00E378CE /* Foundation.framework */,
				13CD291F18D2F95E00E378CE /* CoreGraphics.framework */,
				13CD292118D2F95E00E378CE /* UIKit.framework */,
				13CD293F18D2F95E00E378CE /* XCTest.framework */,
			);
			name = Frameworks;
			sourceTree = "<group>";
		};
		13CD292318D2F95E00E378CE /* gitTest */ = {
			isa = PBXGroup;
			children = (
				13CD292C18D2F95E00E378CE /* AppDelegate.h */,
				13CD292D18D2F95E00E378CE /* AppDelegate.m */,
				13CD292F18D2F95E00E378CE /* Main_iPhone.storyboard */,
				13CD293218D2F95E00E378CE /* Main_iPad.storyboard */,
				13CD293518D2F95E00E378CE /* ViewController.h */,
				13CD293618D2F95E00E378CE /* ViewController.m */,
				13CD293818D2F95E00E378CE /* Images.xcassets */,
				13CD292418D2F95E00E378CE /* Supporting Files */,
			);
			path = gitTest;
			sourceTree = "<group>";
		};
		13CD292418D2F95E00E378CE /* Supporting Files */ = {
			isa = PBXGroup;
			children = (
				13CD292518D2F95E00E378CE /* gitTest-Info.plist */,
				13CD292618D2F95E00E378CE /* InfoPlist.strings */,
				13CD292918D2F95E00E378CE /* main.m */,
				13CD292B18D2F95E00E378CE /* gitTest-Prefix.pch */,
			);
			name = "Supporting Files";
			sourceTree = "<group>";
		};
		13CD294518D2F95E00E378CE /* gitTestTests */ = {
			isa = PBXGroup;
			children = (
				13CD294B18D2F95E00E378CE /* gitTestTests.m */,
				13CD294618D2F95E00E378CE /* Supporting Files */,
			);
			path = gitTestTests;
			sourceTree = "<group>";
		};
		13CD294618D2F95E00E378CE /* Supporting Files */ = {
			isa = PBXGroup;
			children = (
				13CD294718D2F95E00E378CE /* gitTestTests-Info.plist */,
				13CD294818D2F95E00E378CE /* InfoPlist.strings */,
			);
			name = "Supporting Files";
			sourceTree = "<group>";
		};
/* End PBXGroup section */

/* Begin PBXNativeTarget section */
		13CD291918D2F95E00E378CE /* gitTest */ = {
			isa = PBXNativeTarget;
			buildConfigurationList = 13CD294F18D2F95E00E378CE /* Build configuration list for PBXNativeTarget "gitTest" */;
			buildPhases = (
				13CD291618D2F95E00E378CE /* Sources */,
				13CD291718D2F95E00E378CE /* Frameworks */,
				13CD291818D2F95E00E378CE /* Resources */,
			);
			buildRules = (
			);
			dependencies = (
			);
			name = gitTest;
			productName = gitTest;
			productReference = 13CD291A18D2F95E00E378CE /* gitTest.app */;
			productType = "com.apple.product-type.application";
		};
		13CD293D18D2F95E00E378CE /* gitTestTests */ = {
			isa = PBXNativeTarget;
			buildConfigurationList = 13CD295218D2F95E00E378CE /* Build configuration list for PBXNativeTarget "gitTestTests" */;
			buildPhases = (
				13CD293A18D2F95E00E378CE /* Sources */,
				13CD293B18D2F95E00E378CE /* Frameworks */,
				13CD293C18D2F95E00E378CE /* Resources */,
			);
			buildRules = (
			);
			dependencies = (
				13CD294418D2F95E00E378CE /* PBXTargetDependency */,
			);
			name = gitTestTests;
			productName = gitTestTests;
			productReference = 13CD293E18D2F95E00E378CE /* gitTestTests.xctest */;
			productType = "com.apple.product-type.bundle.unit-test";
		};
/* End PBXNativeTarget section */

/* Begin PBXProject section */
		13CD291218D2F95E00E378CE /* Project object */ = {
			isa = PBXProject;
			attributes = {
				LastUpgradeCheck = 0510;
				ORGANIZATIONNAME = "Viktor Todorov";
				TargetAttributes = {
					13CD293D18D2F95E00E378CE = {
						TestTargetID = 13CD291918D2F95E00E378CE;
					};
				};
			};
			buildConfigurationList = 13CD291518D2F95E00E378CE /* Build configuration list for PBXProject "gitTest" */;
			compatibilityVersion = "Xcode 3.2";
			developmentRegion = English;
			hasScannedForEncodings = 0;
			knownRegions = (
				en,
				Base,
			);
			mainGroup = 13CD291118D2F95E00E378CE;
			productRefGroup = 13CD291B18D2F95E00E378CE /* Products */;
			projectDirPath = "";
			projectRoot = "";
			targets = (
				13CD291918D2F95E00E378CE /* gitTest */,
				13CD293D18D2F95E00E378CE /* gitTestTests */,
			);
		};
/* End PBXProject section */

/* Begin PBXResourcesBuildPhase section */
		13CD291818D2F95E00E378CE /* Resources */ = {
			isa = PBXResourcesBuildPhase;
			buildActionMask = 2147483647;
			files = (
				13CD293418D2F95E00E378CE /* Main_iPad.storyboard in Resources */,
				13CD293918D2F95E00E378CE /* Images.xcassets in Resources */,
				13CD293118D2F95E00E378CE /* Main_iPhone.storyboard in Resources */,
				13CD292818D2F95E00E378CE /* InfoPlist.strings in Resources */,
			);
			runOnlyForDeploymentPostprocessing = 0;
		};
		13CD293C18D2F95E00E378CE /* Resources */ = {
			isa = PBXResourcesBuildPhase;
			buildActionMask = 2147483647;
			files = (
				13CD294A18D2F95E00E378CE /* InfoPlist.strings in Resources */,
			);
			runOnlyForDeploymentPostprocessing = 0;
		};
/* End PBXResourcesBuildPhase section */

/* Begin PBXSourcesBuildPhase section */
		13CD291618D2F95E00E378CE /* Sources */ = {
			isa = PBXSourcesBuildPhase;
			buildActionMask = 2147483647;
			files = (
				13CD293718D2F95E00E378CE /* ViewController.m in Sources */,
				13CD292E18D2F95E00E378CE /* AppDelegate.m in Sources */,
				13CD292A18D2F95E00E378CE /* main.m in Sources */,
			);
			runOnlyForDeploymentPostprocessing = 0;
		};
		13CD293A18D2F95E00E378CE /* Sources */ = {
			isa = PBXSourcesBuildPhase;
			buildActionMask = 2147483647;
			files = (
				13CD294C18D2F95E00E378CE /* gitTestTests.m in Sources */,
			);
			runOnlyForDeploymentPostprocessing = 0;
		};
/* End PBXSourcesBuildPhase section */

/* Begin PBXTargetDependency section */
		13CD294418D2F95E00E378CE /* PBXTargetDependency */ = {
			isa = PBXTargetDependency;
			target = 13CD291918D2F95E00E378CE /* gitTest */;
			targetProxy = 13CD294318D2F95E00E378CE /* PBXContainerItemProxy */;
		};
/* End PBXTargetDependency section */

/* Begin PBXVariantGroup section */
		13CD292618D2F95E00E378CE /* InfoPlist.strings */ = {
			isa = PBXVariantGroup;
			children = (
				13CD292718D2F95E00E378CE /* en */,
			);
			name = InfoPlist.strings;
			sourceTree = "<group>";
		};
		13CD292F18D2F95E00E378CE /* Main_iPhone.storyboard */ = {
			isa = PBXVariantGroup;
			children = (
				13CD293018D2F95E00E378CE /* Base */,
			);
			name = Main_iPhone.storyboard;
			sourceTree = "<group>";
		};
		13CD293218D2F95E00E378CE /* Main_iPad.storyboard */ = {
			isa = PBXVariantGroup;
			children = (
				13CD293318D2F95E00E378CE /* Base */,
			);
			name = Main_iPad.storyboard;
			sourceTree = "<group>";
		};
		13CD294818D2F95E00E378CE /* InfoPlist.strings */ = {
			isa = PBXVariantGroup;
			children = (
				13CD294918D2F95E00E378CE /* en */,
			);
			name = InfoPlist.strings;
			sourceTree = "<group>";
		};
/* End PBXVariantGroup section */

/* Begin XCBuildConfiguration section */
		13CD294D18D2F95E00E378CE /* Debug */ = {
			isa = XCBuildConfiguration;
			buildSettings = {
				ALWAYS_SEARCH_USER_PATHS = NO;
				CLANG_CXX_LANGUAGE_STANDARD = "gnu++0x";
				CLANG_CXX_LIBRARY = "libc++";
				CLANG_ENABLE_MODULES = YES;
				CLANG_ENABLE_OBJC_ARC = YES;
				CLANG_WARN_BOOL_CONVERSION = YES;
				CLANG_WARN_CONSTANT_CONVERSION = YES;
				CLANG_WARN_DIRECT_OBJC_ISA_USAGE = YES_ERROR;
				CLANG_WARN_EMPTY_BODY = YES;
				CLANG_WARN_ENUM_CONVERSION = YES;
				CLANG_WARN_INT_CONVERSION = YES;
				CLANG_WARN_OBJC_ROOT_CLASS = YES_ERROR;
				CLANG_WARN__DUPLICATE_METHOD_MATCH = YES;
				"CODE_SIGN_IDENTITY[sdk=iphoneos*]" = "iPhone Developer";
				COPY_PHASE_STRIP = NO;
				GCC_C_LANGUAGE_STANDARD = gnu99;
				GCC_DYNAMIC_NO_PIC = NO;
				GCC_OPTIMIZATION_LEVEL = 0;
				GCC_PREPROCESSOR_DEFINITIONS = (
					"DEBUG=1",
					"$(inherited)",
				);
				GCC_SYMBOLS_PRIVATE_EXTERN = NO;
				GCC_WARN_64_TO_32_BIT_CONVERSION = YES;
				GCC_WARN_ABOUT_RETURN_TYPE = YES_ERROR;
				GCC_WARN_UNDECLARED_SELECTOR = YES;
				GCC_WARN_UNINITIALIZED_AUTOS = YES_AGGRESSIVE;
				GCC_WARN_UNUSED_FUNCTION = YES;
				GCC_WARN_UNUSED_VARIABLE = YES;
				IPHONEOS_DEPLOYMENT_TARGET = 7.1;
				ONLY_ACTIVE_ARCH = YES;
				SDKROOT = iphoneos;
				TARGETED_DEVICE_FAMILY = "1,2";
			};
			name = Debug;
		};
		13CD294E18D2F95E00E378CE /* Release */ = {
			isa = XCBuildConfiguration;
			buildSettings = {
				ALWAYS_SEARCH_USER_PATHS = NO;
				CLANG_CXX_LANGUAGE_STANDARD = "gnu++0x";
				CLANG_CXX_LIBRARY = "libc++";
				CLANG_ENABLE_MODULES = YES;
				CLANG_ENABLE_OBJC_ARC = YES;
				CLANG_WARN_BOOL_CONVERSION = YES;
				CLANG_WARN_CONSTANT_CONVERSION = YES;
				CLANG_WARN_DIRECT_OBJC_ISA_USAGE = YES_ERROR;
				CLANG_WARN_EMPTY_BODY = YES;
				CLANG_WARN_ENUM_CONVERSION = YES;
				CLANG_WARN_INT_CONVERSION = YES;
				CLANG_WARN_OBJC_ROOT_CLASS = YES_ERROR;
				CLANG_WARN__DUPLICATE_METHOD_MATCH = YES;
				"CODE_SIGN_IDENTITY[sdk=iphoneos*]" = "iPhone Developer";
				COPY_PHASE_STRIP = YES;
				ENABLE_NS_ASSERTIONS = NO;
				GCC_C_LANGUAGE_STANDARD = gnu99;
				GCC_WARN_64_TO_32_BIT_CONVERSION = YES;
				GCC_WARN_ABOUT_RETURN_TYPE = YES_ERROR;
				GCC_WARN_UNDECLARED_SELECTOR = YES;
				GCC_WARN_UNINITIALIZED_AUTOS = YES_AGGRESSIVE;
				GCC_WARN_UNUSED_FUNCTION = YES;
				GCC_WARN_UNUSED_VARIABLE = YES;
				IPHONEOS_DEPLOYMENT_TARGET = 7.1;
				SDKROOT = iphoneos;
				TARGETED_DEVICE_FAMILY = "1,2";
				VALIDATE_PRODUCT = YES;
			};
			name = Release;
		};
		13CD295018D2F95E00E378CE /* Debug */ = {
			isa = XCBuildConfiguration;
			buildSettings = {
				ASSETCATALOG_COMPILER_APPICON_NAME = AppIcon;
				ASSETCATALOG_COMPILER_LAUNCHIMAGE_NAME = LaunchImage;
				GCC_PRECOMPILE_PREFIX_HEADER = YES;
				GCC_PREFIX_HEADER = "gitTest/gitTest-Prefix.pch";
				INFOPLIST_FILE = "gitTest/gitTest-Info.plist";
				PRODUCT_NAME = "$(TARGET_NAME)";
				WRAPPER_EXTENSION = app;
			};
			name = Debug;
		};
		13CD295118D2F95E00E378CE /* Release */ = {
			isa = XCBuildConfiguration;
			buildSettings = {
				ASSETCATALOG_COMPILER_APPICON_NAME = AppIcon;
				ASSETCATALOG_COMPILER_LAUNCHIMAGE_NAME = LaunchImage;
				GCC_PRECOMPILE_PREFIX_HEADER = YES;
				GCC_PREFIX_HEADER = "gitTest/gitTest-Prefix.pch";
				INFOPLIST_FILE = "gitTest/gitTest-Info.plist";
				PRODUCT_NAME = "$(TARGET_NAME)";
				WRAPPER_EXTENSION = app;
			};
			name = Release;
		};
		13CD295318D2F95E00E378CE /* Debug */ = {
			isa = XCBuildConfiguration;
			buildSettings = {
				BUNDLE_LOADER = "$(BUILT_PRODUCTS_DIR)/gitTest.app/gitTest";
				FRAMEWORK_SEARCH_PATHS = (
					"$(SDKROOT)/Developer/Library/Frameworks",
					"$(inherited)",
					"$(DEVELOPER_FRAMEWORKS_DIR)",
				);
				GCC_PRECOMPILE_PREFIX_HEADER = YES;
				GCC_PREFIX_HEADER = "gitTest/gitTest-Prefix.pch";
				GCC_PREPROCESSOR_DEFINITIONS = (
					"DEBUG=1",
					"$(inherited)",
				);
				INFOPLIST_FILE = "gitTestTests/gitTestTests-Info.plist";
				PRODUCT_NAME = "$(TARGET_NAME)";
				TEST_HOST = "$(BUNDLE_LOADER)";
				WRAPPER_EXTENSION = xctest;
			};
			name = Debug;
		};
		13CD295418D2F95E00E378CE /* Release */ = {
			isa = XCBuildConfiguration;
			buildSettings = {
				BUNDLE_LOADER = "$(BUILT_PRODUCTS_DIR)/gitTest.app/gitTest";
				FRAMEWORK_SEARCH_PATHS = (
					"$(SDKROOT)/Developer/Library/Frameworks",
					"$(inherited)",
					"$(DEVELOPER_FRAMEWORKS_DIR)",
				);
				GCC_PRECOMPILE_PREFIX_HEADER = YES;
				GCC_PREFIX_HEADER = "gitTest/gitTest-Prefix.pch";
				INFOPLIST_FILE = "gitTestTests/gitTestTests-Info.plist";
				PRODUCT_NAME = "$(TARGET_NAME)";
				TEST_HOST = "$(BUNDLE_LOADER)";
				WRAPPER_EXTENSION = xctest;
			};
			name = Release;
		};
/* End XCBuildConfiguration section */

/* Begin XCConfigurationList section */
		13CD291518D2F95E00E378CE /* Build configuration list for PBXProject "gitTest" */ = {
			isa = XCConfigurationList;
			buildConfigurations = (
				13CD294D18D2F95E00E378CE /* Debug */,
				13CD294E18D2F95E00E378CE /* Release */,
			);
			defaultConfigurationIsVisible = 0;
			defaultConfigurationName = Release;
		};
		13CD294F18D2F95E00E378CE /* Build configuration list for PBXNativeTarget "gitTest" */ = {
			isa = XCConfigurationList;
			buildConfigurations = (
				13CD295018D2F95E00E378CE /* Debug */,
				13CD295118D2F95E00E378CE /* Release */,
			);
			defaultConfigurationIsVisible = 0;
		};
		13CD295218D2F95E00E378CE /* Build configuration list for PBXNativeTarget "gitTestTests" */ = {
			isa = XCConfigurationList;
			buildConfigurations = (
				13CD295318D2F95E00E378CE /* Debug */,
				13CD295418D2F95E00E378CE /* Release */,
			);
			defaultConfigurationIsVisible = 0;
		};
/* End XCConfigurationList section */
	};
	rootObject = 13CD291218D2F95E00E378CE /* Project object */;
}
